
Microsoft Visual Studio Solution File, Format Version 12.00
# Visual Studio Version 17
VisualStudioVersion = 17.5.002.0
MinimumVisualStudioVersion = 10.0.40219.1
Project("{9A19103F-16F7-4668-BE54-9A1E7A4F7556}") = "bff", "bff.csproj", "{17CF984B-0047-4295-B0BB-5A5F654AD5AA}"
EndProject
Global
	GlobalSection(SolutionConfigurationPlatforms) = preSolution
		Debug|Any CPU = Debug|Any CPU
		Release|Any CPU = Release|Any CPU
	EndGlobalSection
	GlobalSection(ProjectConfigurationPlatforms) = postSolution
		{17CF984B-0047-4295-B0BB-5A5F654AD5AA}.Debug|Any CPU.ActiveCfg = Debug|Any CPU
		{17CF984B-0047-4295-B0BB-5A5F654AD5AA}.Debug|Any CPU.Build.0 = Debug|Any CPU
		{17CF984B-0047-4295-B0BB-5A5F654AD5AA}.Release|Any CPU.ActiveCfg = Release|Any CPU
		{17CF984B-0047-4295-B0BB-5A5F654AD5AA}.Release|Any CPU.Build.0 = Release|Any CPU
	EndGlobalSection
	GlobalSection(SolutionProperties) = preSolution
		HideSolutionNode = FALSE
	EndGlobalSection
	GlobalSection(ExtensibilityGlobals) = postSolution
		SolutionGuid = {A0B4F347-1B56-4620-9B00-BEDE8D470A7B}
	EndGlobalSection
EndGlobal
